
Microsoft Visual Studio Solution File, Format Version 12.00
# Visual Studio Version 17
VisualStudioVersion = 17.5.33627.172
MinimumVisualStudioVersion = 10.0.40219.1
Project("{9A19103F-16F7-4668-BE54-9A1E7A4F7556}") = "Dasturiy injenering", "Dasturiy injenering\Dasturiy injenering.csproj", "{729D29A3-52F5-4504-9855-1DF2DD8D4507}"
EndProject
Global
	GlobalSection(SolutionConfigurationPlatforms) = preSolution
		Debug|Any CPU = Debug|Any CPU
		Release|Any CPU = Release|Any CPU
	EndGlobalSection
	GlobalSection(ProjectConfigurationPlatforms) = postSolution
		{729D29A3-52F5-4504-9855-1DF2DD8D4507}.Debug|Any CPU.ActiveCfg = Debug|Any CPU
		{729D29A3-52F5-4504-9855-1DF2DD8D4507}.Debug|Any CPU.Build.0 = Debug|Any CPU
		{729D29A3-52F5-4504-9855-1DF2DD8D4507}.Release|Any CPU.ActiveCfg = Release|Any CPU
		{729D29A3-52F5-4504-9855-1DF2DD8D4507}.Release|Any CPU.Build.0 = Release|Any CPU
	EndGlobalSection
	GlobalSection(SolutionProperties) = preSolution
		HideSolutionNode = FALSE
	EndGlobalSection
	GlobalSection(ExtensibilityGlobals) = postSolution
		SolutionGuid = {4C984170-0DC0-4936-8841-85E56C86F424}
	EndGlobalSection
EndGlobal
